
Microsoft Visual Studio Solution File, Format Version 12.00
# Visual Studio Version 17
VisualStudioVersion = 17.5.33516.290
MinimumVisualStudioVersion = 10.0.40219.1
Project("{FAE04EC0-301F-11D3-BF4B-00C04F79EFBC}") = "WebAPI", "WebAPI\WebAPI.csproj", "{0BFBE38C-1D17-42C0-AD0C-4009E9428D2C}"
EndProject
Project("{FAE04EC0-301F-11D3-BF4B-00C04F79EFBC}") = "WebAPI.Test", "WebAPI.Test\WebAPI.Test.csproj", "{7D373C9C-48B9-4A08-B7CB-C26AC69C75C8}"
EndProject
Global
	GlobalSection(SolutionConfigurationPlatforms) = preSolution
		Debug|Any CPU = Debug|Any CPU
		Release|Any CPU = Release|Any CPU
	EndGlobalSection
	GlobalSection(ProjectConfigurationPlatforms) = postSolution
		{0BFBE38C-1D17-42C0-AD0C-4009E9428D2C}.Debug|Any CPU.ActiveCfg = Debug|Any CPU
		{0BFBE38C-1D17-42C0-AD0C-4009E9428D2C}.Debug|Any CPU.Build.0 = Debug|Any CPU
		{0BFBE38C-1D17-42C0-AD0C-4009E9428D2C}.Release|Any CPU.ActiveCfg = Release|Any CPU
		{0BFBE38C-1D17-42C0-AD0C-4009E9428D2C}.Release|Any CPU.Build.0 = Release|Any CPU
		{7D373C9C-48B9-4A08-B7CB-C26AC69C75C8}.Debug|Any CPU.ActiveCfg = Debug|Any CPU
		{7D373C9C-48B9-4A08-B7CB-C26AC69C75C8}.Debug|Any CPU.Build.0 = Debug|Any CPU
		{7D373C9C-48B9-4A08-B7CB-C26AC69C75C8}.Release|Any CPU.ActiveCfg = Release|Any CPU
		{7D373C9C-48B9-4A08-B7CB-C26AC69C75C8}.Release|Any CPU.Build.0 = Release|Any CPU
	EndGlobalSection
	GlobalSection(SolutionProperties) = preSolution
		HideSolutionNode = FALSE
	EndGlobalSection
	GlobalSection(ExtensibilityGlobals) = postSolution
		SolutionGuid = {B6AF33DC-2B1C-4D0D-93B3-CDE6ADAE85AE}
	EndGlobalSection
EndGlobal
